Microsoft Visual Studio Solution File, Format Version 11.00
# Visual Studio 2008

Project("{6C91EA10-8434-3DDD-1A51-73733ED5864E}") = "Neuroevolution", "Assembly-CSharp-firstpass.csproj", "{649BD0A7-D6E3-CC3C-5DC2-A995AB545673}"
EndProject
Project("{6C91EA10-8434-3DDD-1A51-73733ED5864E}") = "Neuroevolution", "Assembly-CSharp.csproj", "{773FE521-3D1E-8778-AECB-DEE0724F776C}"
EndProject
Project("{6C91EA10-8434-3DDD-1A51-73733ED5864E}") = "Neuroevolution", "Assembly-CSharp-Editor.csproj", "{912B97EF-C1DE-55F2-8423-5589E86D6F8D}"
EndProject
Global
	GlobalSection(SolutionConfigurationPlatforms) = preSolution
		Debug|Any CPU = Debug|Any CPU
		Release|Any CPU = Release|Any CPU
	EndGlobalSection
	GlobalSection(ProjectConfigurationPlatforms) = postSolution
		{649BD0A7-D6E3-CC3C-5DC2-A995AB545673}.Debug|Any CPU.ActiveCfg = Debug|Any CPU
		{649BD0A7-D6E3-CC3C-5DC2-A995AB545673}.Debug|Any CPU.Build.0 = Debug|Any CPU
		{649BD0A7-D6E3-CC3C-5DC2-A995AB545673}.Release|Any CPU.ActiveCfg = Release|Any CPU
		{649BD0A7-D6E3-CC3C-5DC2-A995AB545673}.Release|Any CPU.Build.0 = Release|Any CPU
		{773FE521-3D1E-8778-AECB-DEE0724F776C}.Debug|Any CPU.ActiveCfg = Debug|Any CPU
		{773FE521-3D1E-8778-AECB-DEE0724F776C}.Debug|Any CPU.Build.0 = Debug|Any CPU
		{773FE521-3D1E-8778-AECB-DEE0724F776C}.Release|Any CPU.ActiveCfg = Release|Any CPU
		{773FE521-3D1E-8778-AECB-DEE0724F776C}.Release|Any CPU.Build.0 = Release|Any CPU
		{912B97EF-C1DE-55F2-8423-5589E86D6F8D}.Debug|Any CPU.ActiveCfg = Debug|Any CPU
		{912B97EF-C1DE-55F2-8423-5589E86D6F8D}.Debug|Any CPU.Build.0 = Debug|Any CPU
		{912B97EF-C1DE-55F2-8423-5589E86D6F8D}.Release|Any CPU.ActiveCfg = Release|Any CPU
		{912B97EF-C1DE-55F2-8423-5589E86D6F8D}.Release|Any CPU.Build.0 = Release|Any CPU
	EndGlobalSection
	GlobalSection(SolutionProperties) = preSolution
		HideSolutionNode = FALSE
	EndGlobalSection
	GlobalSection(MonoDevelopProperties) = preSolution
		StartupItem = Assembly-CSharp.csproj
	EndGlobalSection
EndGlobal
